// !$*UTF8*$!
{
	archiveVersion = 1;
	classes = {
	};
	objectVersion = 48;
	objects = {

/* Begin PBXBuildFile section */
		22459D062040365600DC65FA /* AppDelegate.swift in Sources */ = {isa = PBXBuildFile; fileRef = 22459D052040365600DC65FA /* AppDelegate.swift */; };
		22459D082040365600DC65FA /* ViewController.swift in Sources */ = {isa = PBXBuildFile; fileRef = 22459D072040365600DC65FA /* ViewController.swift */; };
		22459D0B2040365600DC65FA /* Main.storyboard in Resources */ = {isa = PBXBuildFile; fileRef = 22459D092040365600DC65FA /* Main.storyboard */; };
		22459D102040365600DC65FA /* Assets.xcassets in Resources */ = {isa = PBXBuildFile; fileRef = 22459D0F2040365600DC65FA /* Assets.xcassets */; };
		22459D132040365600DC65FA /* LaunchScreen.storyboard in Resources */ = {isa = PBXBuildFile; fileRef = 22459D112040365600DC65FA /* LaunchScreen.storyboard */; };
		22459D1E2040365600DC65FA /* CADisplayLinkExampleTests.swift in Sources */ = {isa = PBXBuildFile; fileRef = 22459D1D2040365600DC65FA /* CADisplayLinkExampleTests.swift */; };
		22459D29204039A000DC65FA /* AnimatedView.swift in Sources */ = {isa = PBXBuildFile; fileRef = 22459D28204039A000DC65FA /* AnimatedView.swift */; };
/* End PBXBuildFile section */

/* Begin PBXContainerItemProxy section */
		22459D1A2040365600DC65FA /* PBXContainerItemProxy */ = {
			isa = PBXContainerItemProxy;
			containerPortal = 22459CFA2040365600DC65FA /* Project object */;
			proxyType = 1;
			remoteGlobalIDString = 22459D012040365600DC65FA;
			remoteInfo = CADisplayLinkExample;
		};
/* End PBXContainerItemProxy section */

/* Begin PBXFileReference section */
		22459D022040365600DC65FA /* CADisplayLinkExample.app */ = {isa = PBXFileReference; explicitFileType = wrapper.application; includeInIndex = 0; path = CADisplayLinkExample.app; sourceTree = BUILT_PRODUCTS_DIR; };
		22459D052040365600DC65FA /* AppDelegate.swift */ = {isa = PBXFileReference; lastKnownFileType = sourcecode.swift; path = AppDelegate.swift; sourceTree = "<group>"; };
		22459D072040365600DC65FA /* ViewController.swift */ = {isa = PBXFileReference; lastKnownFileType = sourcecode.swift; path = ViewController.swift; sourceTree = "<group>"; };
		22459D0A2040365600DC65FA /* Base */ = {isa = PBXFileReference; lastKnownFileType = file.storyboard; name = Base; path = Base.lproj/Main.storyboard; sourceTree = "<group>"; };
		22459D0F2040365600DC65FA /* Assets.xcassets */ = {isa = PBXFileReference; lastKnownFileType = folder.assetcatalog; path = Assets.xcassets; sourceTree = "<group>"; };
		22459D122040365600DC65FA /* Base */ = {isa = PBXFileReference; lastKnownFileType = file.storyboard; name = Base; path = Base.lproj/LaunchScreen.storyboard; sourceTree = "<group>"; };
		22459D142040365600DC65FA /* Info.plist */ = {isa = PBXFileReference; lastKnownFileType = text.plist.xml; path = Info.plist; sourceTree = "<group>"; };
		22459D192040365600DC65FA /* CADisplayLinkExampleTests.xctest */ = {isa = PBXFileReference; explicitFileType = wrapper.cfbundle; includeInIndex = 0; path = CADisplayLinkExampleTests.xctest; sourceTree = BUILT_PRODUCTS_DIR; };
		22459D1D2040365600DC65FA /* CADisplayLinkExampleTests.swift */ = {isa = PBXFileReference; lastKnownFileType = sourcecode.swift; path = CADisplayLinkExampleTests.swift; sourceTree = "<group>"; };
		22459D1F2040365600DC65FA /* Info.plist */ = {isa = PBXFileReference; lastKnownFileType = text.plist.xml; path = Info.plist; sourceTree = "<group>"; };
		22459D28204039A000DC65FA /* AnimatedView.swift */ = {isa = PBXFileReference; lastKnownFileType = sourcecode.swift; path = AnimatedView.swift; sourceTree = "<group>"; };
/* End PBXFileReference section */

/* Begin PBXFrameworksBuildPhase section */
		22459CFF2040365600DC65FA /* Frameworks */ = {
			isa = PBXFrameworksBuildPhase;
			buildActionMask = 2147483647;
			files = (
			);
			runOnlyForDeploymentPostprocessing = 0;
		};
		22459D162040365600DC65FA /* Frameworks */ = {
			isa = PBXFrameworksBuildPhase;
			buildActionMask = 2147483647;
			files = (
			);
			runOnlyForDeploymentPostprocessing = 0;
		};
/* End PBXFrameworksBuildPhase section */

/* Begin PBXGroup section */
		22459CF92040365600DC65FA = {
			isa = PBXGroup;
			children = (
				22459D042040365600DC65FA /* CADisplayLinkExample */,
				22459D1C2040365600DC65FA /* CADisplayLinkExampleTests */,
				22459D032040365600DC65FA /* Products */,
			);
			sourceTree = "<group>";
		};
		22459D032040365600DC65FA /* Products */ = {
			isa = PBXGroup;
			children = (
				22459D022040365600DC65FA /* CADisplayLinkExample.app */,
				22459D192040365600DC65FA /* CADisplayLinkExampleTests.xctest */,
			);
			name = Products;
			sourceTree = "<group>";
		};
		22459D042040365600DC65FA /* CADisplayLinkExample */ = {
			isa = PBXGroup;
			children = (
				22459D052040365600DC65FA /* AppDelegate.swift */,
				22459D072040365600DC65FA /* ViewController.swift */,
				22459D092040365600DC65FA /* Main.storyboard */,
				22459D0F2040365600DC65FA /* Assets.xcassets */,
				22459D112040365600DC65FA /* LaunchScreen.storyboard */,
				22459D142040365600DC65FA /* Info.plist */,
				22459D28204039A000DC65FA /* AnimatedView.swift */,
			);
			path = CADisplayLinkExample;
			sourceTree = "<group>";
		};
		22459D1C2040365600DC65FA /* CADisplayLinkExampleTests */ = {
			isa = PBXGroup;
			children = (
				22459D1D2040365600DC65FA /* CADisplayLinkExampleTests.swift */,
				22459D1F2040365600DC65FA /* Info.plist */,
			);
			path = CADisplayLinkExampleTests;
			sourceTree = "<group>";
		};
/* End PBXGroup section */

/* Begin PBXNativeTarget section */
		22459D012040365600DC65FA /* CADisplayLinkExample */ = {
			isa = PBXNativeTarget;
			buildConfigurationList = 22459D222040365600DC65FA /* Build configuration list for PBXNativeTarget "CADisplayLinkExample" */;
			buildPhases = (
				22459CFE2040365600DC65FA /* Sources */,
				22459CFF2040365600DC65FA /* Frameworks */,
				22459D002040365600DC65FA /* Resources */,
			);
			buildRules = (
			);
			dependencies = (
			);
			name = CADisplayLinkExample;
			productName = CADisplayLinkExample;
			productReference = 22459D022040365600DC65FA /* CADisplayLinkExample.app */;
			productType = "com.apple.product-type.application";
		};
		22459D182040365600DC65FA /* CADisplayLinkExampleTests */ = {
			isa = PBXNativeTarget;
			buildConfigurationList = 22459D252040365600DC65FA /* Build configuration list for PBXNativeTarget "CADisplayLinkExampleTests" */;
			buildPhases = (
				22459D152040365600DC65FA /* Sources */,
				22459D162040365600DC65FA /* Frameworks */,
				22459D172040365600DC65FA /* Resources */,
			);
			buildRules = (
			);
			dependencies = (
				22459D1B2040365600DC65FA /* PBXTargetDependency */,
			);
			name = CADisplayLinkExampleTests;
			productName = CADisplayLinkExampleTests;
			productReference = 22459D192040365600DC65FA /* CADisplayLinkExampleTests.xctest */;
			productType = "com.apple.product-type.bundle.unit-test";
		};
/* End PBXNativeTarget section */

/* Begin PBXProject section */
		22459CFA2040365600DC65FA /* Project object */ = {
			isa = PBXProject;
			attributes = {
				LastSwiftUpdateCheck = 0920;
				LastUpgradeCheck = 0920;
				ORGANIZATIONNAME = skutnii;
				TargetAttributes = {
					22459D012040365600DC65FA = {
						CreatedOnToolsVersion = 9.2;
						ProvisioningStyle = Automatic;
					};
					22459D182040365600DC65FA = {
						CreatedOnToolsVersion = 9.2;
						ProvisioningStyle = Automatic;
						TestTargetID = 22459D012040365600DC65FA;
					};
				};
			};
			buildConfigurationList = 22459CFD2040365600DC65FA /* Build configuration list for PBXProject "CADisplayLinkExample" */;
			compatibilityVersion = "Xcode 8.0";
			developmentRegion = en;
			hasScannedForEncodings = 0;
			knownRegions = (
				en,
				Base,
			);
			mainGroup = 22459CF92040365600DC65FA;
			productRefGroup = 22459D032040365600DC65FA /* Products */;
			projectDirPath = "";
			projectRoot = "";
			targets = (
				22459D012040365600DC65FA /* CADisplayLinkExample */,
				22459D182040365600DC65FA /* CADisplayLinkExampleTests */,
			);
		};
/* End PBXProject section */

/* Begin PBXResourcesBuildPhase section */
		22459D002040365600DC65FA /* Resources */ = {
			isa = PBXResourcesBuildPhase;
			buildActionMask = 2147483647;
			files = (
				22459D132040365600DC65FA /* LaunchScreen.storyboard in Resources */,
				22459D102040365600DC65FA /* Assets.xcassets in Resources */,
				22459D0B2040365600DC65FA /* Main.storyboard in Resources */,
			);
			runOnlyForDeploymentPostprocessing = 0;
		};
		22459D172040365600DC65FA /* Resources */ = {
			isa = PBXResourcesBuildPhase;
			buildActionMask = 2147483647;
			files = (
			);
			runOnlyForDeploymentPostprocessing = 0;
		};
/* End PBXResourcesBuildPhase section */

/* Begin PBXSourcesBuildPhase section */
		22459CFE2040365600DC65FA /* Sources */ = {
			isa = PBXSourcesBuildPhase;
			buildActionMask = 2147483647;
			files = (
				22459D082040365600DC65FA /* ViewController.swift in Sources */,
				22459D29204039A000DC65FA /* AnimatedView.swift in Sources */,
				22459D062040365600DC65FA /* AppDelegate.swift in Sources */,
			);
			runOnlyForDeploymentPostprocessing = 0;
		};
		22459D152040365600DC65FA /* Sources */ = {
			isa = PBXSourcesBuildPhase;
			buildActionMask = 2147483647;
			files = (
				22459D1E2040365600DC65FA /* CADisplayLinkExampleTests.swift in Sources */,
			);
			runOnlyForDeploymentPostprocessing = 0;
		};
/* End PBXSourcesBuildPhase section */

/* Begin PBXTargetDependency section */
		22459D1B2040365600DC65FA /* PBXTargetDependency */ = {
			isa = PBXTargetDependency;
			target = 22459D012040365600DC65FA /* CADisplayLinkExample */;
			targetProxy = 22459D1A2040365600DC65FA /* PBXContainerItemProxy */;
		};
/* End PBXTargetDependency section */

/* Begin PBXVariantGroup section */
		22459D092040365600DC65FA /* Main.storyboard */ = {
			isa = PBXVariantGroup;
			children = (
				22459D0A2040365600DC65FA /* Base */,
			);
			name = Main.storyboard;
			sourceTree = "<group>";
		};
		22459D112040365600DC65FA /* LaunchScreen.storyboard */ = {
			isa = PBXVariantGroup;
			children = (
				22459D122040365600DC65FA /* Base */,
			);
			name = LaunchScreen.storyboard;
			sourceTree = "<group>";
		};
/* End PBXVariantGroup section */

/* Begin XCBuildConfiguration section */
		22459D202040365600DC65FA /* Debug */ = {
			isa = XCBuildConfiguration;
			buildSettings = {
				ALWAYS_SEARCH_USER_PATHS = NO;
				CLANG_ANALYZER_NONNULL = YES;
				CLANG_ANALYZER_NUMBER_OBJECT_CONVERSION = YES_AGGRESSIVE;
				CLANG_CXX_LANGUAGE_STANDARD = "gnu++14";
				CLANG_CXX_LIBRARY = "libc++";
				CLANG_ENABLE_MODULES = YES;
				CLANG_ENABLE_OBJC_ARC = YES;
				CLANG_WARN_BLOCK_CAPTURE_AUTORELEASING = YES;
				CLANG_WARN_BOOL_CONVERSION = YES;
				CLANG_WARN_COMMA = YES;
				CLANG_WARN_CONSTANT_CONVERSION = YES;
				CLANG_WARN_DIRECT_OBJC_ISA_USAGE = YES_ERROR;
				CLANG_WARN_DOCUMENTATION_COMMENTS = YES;
				CLANG_WARN_EMPTY_BODY = YES;
				CLANG_WARN_ENUM_CONVERSION = YES;
				CLANG_WARN_INFINITE_RECURSION = YES;
				CLANG_WARN_INT_CONVERSION = YES;
				CLANG_WARN_NON_LITERAL_NULL_CONVERSION = YES;
				CLANG_WARN_OBJC_LITERAL_CONVERSION = YES;
				CLANG_WARN_OBJC_ROOT_CLASS = YES_ERROR;
				CLANG_WARN_RANGE_LOOP_ANALYSIS = YES;
				CLANG_WARN_STRICT_PROTOTYPES = YES;
				CLANG_WARN_SUSPICIOUS_MOVE = YES;
				CLANG_WARN_UNGUARDED_AVAILABILITY = YES_AGGRESSIVE;
				CLANG_WARN_UNREACHABLE_CODE = YES;
				CLANG_WARN__DUPLICATE_METHOD_MATCH = YES;
				CODE_SIGN_IDENTITY = "iPhone Developer";
				COPY_PHASE_STRIP = NO;
				DEBUG_INFORMATION_FORMAT = dwarf;
				ENABLE_STRICT_OBJC_MSGSEND = YES;
				ENABLE_TESTABILITY = YES;
				GCC_C_LANGUAGE_STANDARD = gnu11;
				GCC_DYNAMIC_NO_PIC = NO;
				GCC_NO_COMMON_BLOCKS = YES;
				GCC_OPTIMIZATION_LEVEL = 0;
				GCC_PREPROCESSOR_DEFINITIONS = (
					"DEBUG=1",
					"$(inherited)",
				);
				GCC_WARN_64_TO_32_BIT_CONVERSION = YES;
				GCC_WARN_ABOUT_RETURN_TYPE = YES_ERROR;
				GCC_WARN_UNDECLARED_SELECTOR = YES;
				GCC_WARN_UNINITIALIZED_AUTOS = YES_AGGRESSIVE;
				GCC_WARN_UNUSED_FUNCTION = YES;
				GCC_WARN_UNUSED_VARIABLE = YES;
				IPHONEOS_DEPLOYMENT_TARGET = 11.2;
				MTL_ENABLE_DEBUG_INFO = YES;
				ONLY_ACTIVE_ARCH = YES;
				SDKROOT = iphoneos;
				SWIFT_ACTIVE_COMPILATION_CONDITIONS = DEBUG;
				SWIFT_OPTIMIZATION_LEVEL = "-Onone";
			};
			name = Debug;
		};
		22459D212040365600DC65FA /* Release */ = {
			isa = XCBuildConfiguration;
			buildSettings = {
				ALWAYS_SEARCH_USER_PATHS = NO;
				CLANG_ANALYZER_NONNULL = YES;
				CLANG_ANALYZER_NUMBER_OBJECT_CONVERSION = YES_AGGRESSIVE;
				CLANG_CXX_LANGUAGE_STANDARD = "gnu++14";
				CLANG_CXX_LIBRARY = "libc++";
				CLANG_ENABLE_MODULES = YES;
				CLANG_ENABLE_OBJC_ARC = YES;
				CLANG_WARN_BLOCK_CAPTURE_AUTORELEASING = YES;
				CLANG_WARN_BOOL_CONVERSION = YES;
				CLANG_WARN_COMMA = YES;
				CLANG_WARN_CONSTANT_CONVERSION = YES;
				CLANG_WARN_DIRECT_OBJC_ISA_USAGE = YES_ERROR;
				CLANG_WARN_DOCUMENTATION_COMMENTS = YES;
				CLANG_WARN_EMPTY_BODY = YES;
				CLANG_WARN_ENUM_CONVERSION = YES;
				CLANG_WARN_INFINITE_RECURSION = YES;
				CLANG_WARN_INT_CONVERSION = YES;
				CLANG_WARN_NON_LITERAL_NULL_CONVERSION = YES;
				CLANG_WARN_OBJC_LITERAL_CONVERSION = YES;
				CLANG_WARN_OBJC_ROOT_CLASS = YES_ERROR;
				CLANG_WARN_RANGE_LOOP_ANALYSIS = YES;
				CLANG_WARN_STRICT_PROTOTYPES = YES;
				CLANG_WARN_SUSPICIOUS_MOVE = YES;
				CLANG_WARN_UNGUARDED_AVAILABILITY = YES_AGGRESSIVE;
				CLANG_WARN_UNREACHABLE_CODE = YES;
				CLANG_WARN__DUPLICATE_METHOD_MATCH = YES;
				CODE_SIGN_IDENTITY = "iPhone Developer";
				COPY_PHASE_STRIP = NO;
				DEBUG_INFORMATION_FORMAT = "dwarf-with-dsym";
				ENABLE_NS_ASSERTIONS = NO;
				ENABLE_STRICT_OBJC_MSGSEND = YES;
				GCC_C_LANGUAGE_STANDARD = gnu11;
				GCC_NO_COMMON_BLOCKS = YES;
				GCC_WARN_64_TO_32_BIT_CONVERSION = YES;
				GCC_WARN_ABOUT_RETURN_TYPE = YES_ERROR;
				GCC_WARN_UNDECLARED_SELECTOR = YES;
				GCC_WARN_UNINITIALIZED_AUTOS = YES_AGGRESSIVE;
				GCC_WARN_UNUSED_FUNCTION = YES;
				GCC_WARN_UNUSED_VARIABLE = YES;
				IPHONEOS_DEPLOYMENT_TARGET = 11.2;
				MTL_ENABLE_DEBUG_INFO = NO;
				SDKROOT = iphoneos;
				SWIFT_OPTIMIZATION_LEVEL = "-Owholemodule";
				VALIDATE_PRODUCT = YES;
			};
			name = Release;
		};
		22459D232040365600DC65FA /* Debug */ = {
			isa = XCBuildConfiguration;
			buildSettings = {
				ASSETCATALOG_COMPILER_APPICON_NAME = AppIcon;
				CODE_SIGN_STYLE = Automatic;
				DEVELOPMENT_TEAM = 2ZRJ5KB8W3;
				INFOPLIST_FILE = CADisplayLinkExample/Info.plist;
				LD_RUNPATH_SEARCH_PATHS = "$(inherited) @executable_path/Frameworks";
				PRODUCT_BUNDLE_IDENTIFIER = com.skutnii.CADisplayLinkExample;
				PRODUCT_NAME = "$(TARGET_NAME)";
				SWIFT_VERSION = 4.0;
				TARGETED_DEVICE_FAMILY = 1;
			};
			name = Debug;
		};
		22459D242040365600DC65FA /* Release */ = {
			isa = XCBuildConfiguration;
			buildSettings = {
				ASSETCATALOG_COMPILER_APPICON_NAME = AppIcon;
				CODE_SIGN_STYLE = Automatic;
				DEVELOPMENT_TEAM = 2ZRJ5KB8W3;
				INFOPLIST_FILE = CADisplayLinkExample/Info.plist;
				LD_RUNPATH_SEARCH_PATHS = "$(inherited) @executable_path/Frameworks";
				PRODUCT_BUNDLE_IDENTIFIER = com.skutnii.CADisplayLinkExample;
				PRODUCT_NAME = "$(TARGET_NAME)";
				SWIFT_VERSION = 4.0;
				TARGETED_DEVICE_FAMILY = 1;
			};
			name = Release;
		};
		22459D262040365600DC65FA /* Debug */ = {
			isa = XCBuildConfiguration;
			buildSettings = {
				ALWAYS_EMBED_SWIFT_STANDARD_LIBRARIES = YES;
				BUNDLE_LOADER = "$(TEST_HOST)";
				CODE_SIGN_STYLE = Automatic;
				INFOPLIST_FILE = CADisplayLinkExampleTests/Info.plist;
				LD_RUNPATH_SEARCH_PATHS = "$(inherited) @executable_path/Frameworks @loader_path/Frameworks";
				PRODUCT_BUNDLE_IDENTIFIER = com.skutnii.CADisplayLinkExampleTests;
				PRODUCT_NAME = "$(TARGET_NAME)";
				SWIFT_VERSION = 4.0;
				TARGETED_DEVICE_FAMILY = "1,2";
				TEST_HOST = "$(BUILT_PRODUCTS_DIR)/CADisplayLinkExample.app/CADisplayLinkExample";
			};
			name = Debug;
		};
		22459D272040365600DC65FA /* Release */ = {
			isa = XCBuildConfiguration;
			buildSettings = {
				ALWAYS_EMBED_SWIFT_STANDARD_LIBRARIES = YES;
				BUNDLE_LOADER = "$(TEST_HOST)";
				CODE_SIGN_STYLE = Automatic;
				INFOPLIST_FILE = CADisplayLinkExampleTests/Info.plist;
				LD_RUNPATH_SEARCH_PATHS = "$(inherited) @executable_path/Frameworks @loader_path/Frameworks";
				PRODUCT_BUNDLE_IDENTIFIER = com.skutnii.CADisplayLinkExampleTests;
				PRODUCT_NAME = "$(TARGET_NAME)";
				SWIFT_VERSION = 4.0;
				TARGETED_DEVICE_FAMILY = "1,2";
				TEST_HOST = "$(BUILT_PRODUCTS_DIR)/CADisplayLinkExample.app/CADisplayLinkExample";
			};
			name = Release;
		};
/* End XCBuildConfiguration section */

/* Begin XCConfigurationList section */
		22459CFD2040365600DC65FA /* Build configuration list for PBXProject "CADisplayLinkExample" */ = {
			isa = XCConfigurationList;
			buildConfigurations = (
				22459D202040365600DC65FA /* Debug */,
				22459D212040365600DC65FA /* Release */,
			);
			defaultConfigurationIsVisible = 0;
			defaultConfigurationName = Release;
		};
		22459D222040365600DC65FA /* Build configuration list for PBXNativeTarget "CADisplayLinkExample" */ = {
			isa = XCConfigurationList;
			buildConfigurations = (
				22459D232040365600DC65FA /* Debug */,
				22459D242040365600DC65FA /* Release */,
			);
			defaultConfigurationIsVisible = 0;
			defaultConfigurationName = Release;
		};
		22459D252040365600DC65FA /* Build configuration list for PBXNativeTarget "CADisplayLinkExampleTests" */ = {
			isa = XCConfigurationList;
			buildConfigurations = (
				22459D262040365600DC65FA /* Debug */,
				22459D272040365600DC65FA /* Release */,
			);
			defaultConfigurationIsVisible = 0;
			defaultConfigurationName = Release;
		};
/* End XCConfigurationList section */
	};
	rootObject = 22459CFA2040365600DC65FA /* Project object */;
}
